// !$*UTF8*$!
{
	archiveVersion = 1;
	classes = {
	};
	objectVersion = 56;
	objects = {

/* Begin PBXBuildFile section */
		4F04F98C2C6D3D4000EAE2A7 /* mobile_taskApp.swift in Sources */ = {isa = PBXBuildFile; fileRef = 4F04F98B2C6D3D4000EAE2A7 /* mobile_taskApp.swift */; };
		4F04F98E2C6D3D4000EAE2A7 /* ContentView.swift in Sources */ = {isa = PBXBuildFile; fileRef = 4F04F98D2C6D3D4000EAE2A7 /* ContentView.swift */; };
		4F04F9902C6D3D4000EAE2A7 /* Item.swift in Sources */ = {isa = PBXBuildFile; fileRef = 4F04F98F2C6D3D4000EAE2A7 /* Item.swift */; };
		4F04F9922C6D3D4500EAE2A7 /* Assets.xcassets in Resources */ = {isa = PBXBuildFile; fileRef = 4F04F9912C6D3D4500EAE2A7 /* Assets.xcassets */; };
		4F04F9962C6D3D4500EAE2A7 /* Preview Assets.xcassets in Resources */ = {isa = PBXBuildFile; fileRef = 4F04F9952C6D3D4500EAE2A7 /* Preview Assets.xcassets */; };
		4F04F9A02C6D3D4500EAE2A7 /* mobile_taskTests.swift in Sources */ = {isa = PBXBuildFile; fileRef = 4F04F99F2C6D3D4500EAE2A7 /* mobile_taskTests.swift */; };
		4F04F9AA2C6D3D4500EAE2A7 /* mobile_taskUITests.swift in Sources */ = {isa = PBXBuildFile; fileRef = 4F04F9A92C6D3D4500EAE2A7 /* mobile_taskUITests.swift */; };
		4F04F9AC2C6D3D4500EAE2A7 /* mobile_taskUITestsLaunchTests.swift in Sources */ = {isa = PBXBuildFile; fileRef = 4F04F9AB2C6D3D4500EAE2A7 /* mobile_taskUITestsLaunchTests.swift */; };
		4F04F9BF2C6E58E100EAE2A7 /* DashboardView.swift in Sources */ = {isa = PBXBuildFile; fileRef = 4F04F9BE2C6E58E100EAE2A7 /* DashboardView.swift */; };
		4F92FD0D2C6F34C000C0300E /* UserModel.swift in Sources */ = {isa = PBXBuildFile; fileRef = 4F92FD0C2C6F34C000C0300E /* UserModel.swift */; };
		4F92FD0F2C6F350600C0300E /* RegisterViewModel.swift in Sources */ = {isa = PBXBuildFile; fileRef = 4F92FD0E2C6F350600C0300E /* RegisterViewModel.swift */; };
		4F92FD122C6F35EE00C0300E /* RegisterView.swift in Sources */ = {isa = PBXBuildFile; fileRef = 4F92FD112C6F35EE00C0300E /* RegisterView.swift */; };
		4F92FD142C6F3F7D00C0300E /* LoginViewModel.swift in Sources */ = {isa = PBXBuildFile; fileRef = 4F92FD132C6F3F7D00C0300E /* LoginViewModel.swift */; };
		4F92FD162C6F3FA500C0300E /* LoginView.swift in Sources */ = {isa = PBXBuildFile; fileRef = 4F92FD152C6F3FA500C0300E /* LoginView.swift */; };
		4F92FD182C6F468D00C0300E /* ForgotPasswordViewModel.swift in Sources */ = {isa = PBXBuildFile; fileRef = 4F92FD172C6F468D00C0300E /* ForgotPasswordViewModel.swift */; };
		4F92FD1A2C6F46D300C0300E /* ForgotPasswordView.swift in Sources */ = {isa = PBXBuildFile; fileRef = 4F92FD192C6F46D300C0300E /* ForgotPasswordView.swift */; };
		4F92FD1D2C6F6F1900C0300E /* DrawerMenu.swift in Sources */ = {isa = PBXBuildFile; fileRef = 4F92FD1C2C6F6F1800C0300E /* DrawerMenu.swift */; };
		4F92FD1F2C6F6F3400C0300E /* DashboardContentView.swift in Sources */ = {isa = PBXBuildFile; fileRef = 4F92FD1E2C6F6F3400C0300E /* DashboardContentView.swift */; };
		4F92FD212C6F7A8100C0300E /* ResetPasswordView.swift in Sources */ = {isa = PBXBuildFile; fileRef = 4F92FD202C6F7A8100C0300E /* ResetPasswordView.swift */; };
		4F92FD232C6F7AB100C0300E /* ResetPasswordViewModel.swift in Sources */ = {isa = PBXBuildFile; fileRef = 4F92FD222C6F7AB100C0300E /* ResetPasswordViewModel.swift */; };
		4F92FD272C6F870A00C0300E /* ToastView.swift in Sources */ = {isa = PBXBuildFile; fileRef = 4F92FD262C6F870A00C0300E /* ToastView.swift */; };
/* End PBXBuildFile section */

/* Begin PBXContainerItemProxy section */
		4F04F99C2C6D3D4500EAE2A7 /* PBXContainerItemProxy */ = {
			isa = PBXContainerItemProxy;
			containerPortal = 4F04F9802C6D3D4000EAE2A7 /* Project object */;
			proxyType = 1;
			remoteGlobalIDString = 4F04F9872C6D3D4000EAE2A7;
			remoteInfo = "mobile task";
		};
		4F04F9A62C6D3D4500EAE2A7 /* PBXContainerItemProxy */ = {
			isa = PBXContainerItemProxy;
			containerPortal = 4F04F9802C6D3D4000EAE2A7 /* Project object */;
			proxyType = 1;
			remoteGlobalIDString = 4F04F9872C6D3D4000EAE2A7;
			remoteInfo = "mobile task";
		};
/* End PBXContainerItemProxy section */

/* Begin PBXFileReference section */
		4F04F9882C6D3D4000EAE2A7 /* mobile task.app */ = {isa = PBXFileReference; explicitFileType = wrapper.application; includeInIndex = 0; path = "mobile task.app"; sourceTree = BUILT_PRODUCTS_DIR; };
		4F04F98B2C6D3D4000EAE2A7 /* mobile_taskApp.swift */ = {isa = PBXFileReference; lastKnownFileType = sourcecode.swift; path = mobile_taskApp.swift; sourceTree = "<group>"; };
		4F04F98D2C6D3D4000EAE2A7 /* ContentView.swift */ = {isa = PBXFileReference; lastKnownFileType = sourcecode.swift; path = ContentView.swift; sourceTree = "<group>"; };
		4F04F98F2C6D3D4000EAE2A7 /* Item.swift */ = {isa = PBXFileReference; lastKnownFileType = sourcecode.swift; path = Item.swift; sourceTree = "<group>"; };
		4F04F9912C6D3D4500EAE2A7 /* Assets.xcassets */ = {isa = PBXFileReference; lastKnownFileType = folder.assetcatalog; path = Assets.xcassets; sourceTree = "<group>"; };
		4F04F9932C6D3D4500EAE2A7 /* mobile_task.entitlements */ = {isa = PBXFileReference; lastKnownFileType = text.plist.entitlements; path = mobile_task.entitlements; sourceTree = "<group>"; };
		4F04F9952C6D3D4500EAE2A7 /* Preview Assets.xcassets */ = {isa = PBXFileReference; lastKnownFileType = folder.assetcatalog; path = "Preview Assets.xcassets"; sourceTree = "<group>"; };
		4F04F99B2C6D3D4500EAE2A7 /* mobile taskTests.xctest */ = {isa = PBXFileReference; explicitFileType = wrapper.cfbundle; includeInIndex = 0; path = "mobile taskTests.xctest"; sourceTree = BUILT_PRODUCTS_DIR; };
		4F04F99F2C6D3D4500EAE2A7 /* mobile_taskTests.swift */ = {isa = PBXFileReference; lastKnownFileType = sourcecode.swift; path = mobile_taskTests.swift; sourceTree = "<group>"; };
		4F04F9A52C6D3D4500EAE2A7 /* mobile taskUITests.xctest */ = {isa = PBXFileReference; explicitFileType = wrapper.cfbundle; includeInIndex = 0; path = "mobile taskUITests.xctest"; sourceTree = BUILT_PRODUCTS_DIR; };
		4F04F9A92C6D3D4500EAE2A7 /* mobile_taskUITests.swift */ = {isa = PBXFileReference; lastKnownFileType = sourcecode.swift; path = mobile_taskUITests.swift; sourceTree = "<group>"; };
		4F04F9AB2C6D3D4500EAE2A7 /* mobile_taskUITestsLaunchTests.swift */ = {isa = PBXFileReference; lastKnownFileType = sourcecode.swift; path = mobile_taskUITestsLaunchTests.swift; sourceTree = "<group>"; };
		4F04F9BE2C6E58E100EAE2A7 /* DashboardView.swift */ = {isa = PBXFileReference; lastKnownFileType = sourcecode.swift; path = DashboardView.swift; sourceTree = "<group>"; };
		4F92FD0C2C6F34C000C0300E /* UserModel.swift */ = {isa = PBXFileReference; lastKnownFileType = sourcecode.swift; path = UserModel.swift; sourceTree = "<group>"; };
		4F92FD0E2C6F350600C0300E /* RegisterViewModel.swift */ = {isa = PBXFileReference; lastKnownFileType = sourcecode.swift; path = RegisterViewModel.swift; sourceTree = "<group>"; };
		4F92FD112C6F35EE00C0300E /* RegisterView.swift */ = {isa = PBXFileReference; lastKnownFileType = sourcecode.swift; path = RegisterView.swift; sourceTree = "<group>"; };
		4F92FD132C6F3F7D00C0300E /* LoginViewModel.swift */ = {isa = PBXFileReference; lastKnownFileType = sourcecode.swift; path = LoginViewModel.swift; sourceTree = "<group>"; };
		4F92FD152C6F3FA500C0300E /* LoginView.swift */ = {isa = PBXFileReference; lastKnownFileType = sourcecode.swift; path = LoginView.swift; sourceTree = "<group>"; };
		4F92FD172C6F468D00C0300E /* ForgotPasswordViewModel.swift */ = {isa = PBXFileReference; lastKnownFileType = sourcecode.swift; path = ForgotPasswordViewModel.swift; sourceTree = "<group>"; };
		4F92FD192C6F46D300C0300E /* ForgotPasswordView.swift */ = {isa = PBXFileReference; lastKnownFileType = sourcecode.swift; path = ForgotPasswordView.swift; sourceTree = "<group>"; };
		4F92FD1C2C6F6F1800C0300E /* DrawerMenu.swift */ = {isa = PBXFileReference; lastKnownFileType = sourcecode.swift; path = DrawerMenu.swift; sourceTree = "<group>"; };
		4F92FD1E2C6F6F3400C0300E /* DashboardContentView.swift */ = {isa = PBXFileReference; lastKnownFileType = sourcecode.swift; path = DashboardContentView.swift; sourceTree = "<group>"; };
		4F92FD202C6F7A8100C0300E /* ResetPasswordView.swift */ = {isa = PBXFileReference; lastKnownFileType = sourcecode.swift; path = ResetPasswordView.swift; sourceTree = "<group>"; };
		4F92FD222C6F7AB100C0300E /* ResetPasswordViewModel.swift */ = {isa = PBXFileReference; lastKnownFileType = sourcecode.swift; path = ResetPasswordViewModel.swift; sourceTree = "<group>"; };
		4F92FD262C6F870A00C0300E /* ToastView.swift */ = {isa = PBXFileReference; lastKnownFileType = sourcecode.swift; path = ToastView.swift; sourceTree = "<group>"; };
/* End PBXFileReference section */

/* Begin PBXFrameworksBuildPhase section */
		4F04F9852C6D3D4000EAE2A7 /* Frameworks */ = {
			isa = PBXFrameworksBuildPhase;
			buildActionMask = 2147483647;
			files = (
			);
			runOnlyForDeploymentPostprocessing = 0;
		};
		4F04F9982C6D3D4500EAE2A7 /* Frameworks */ = {
			isa = PBXFrameworksBuildPhase;
			buildActionMask = 2147483647;
			files = (
			);
			runOnlyForDeploymentPostprocessing = 0;
		};
		4F04F9A22C6D3D4500EAE2A7 /* Frameworks */ = {
			isa = PBXFrameworksBuildPhase;
			buildActionMask = 2147483647;
			files = (
			);
			runOnlyForDeploymentPostprocessing = 0;
		};
/* End PBXFrameworksBuildPhase section */

/* Begin PBXGroup section */
		4F04F97F2C6D3D4000EAE2A7 = {
			isa = PBXGroup;
			children = (
				4F04F98A2C6D3D4000EAE2A7 /* mobile task */,
				4F04F99E2C6D3D4500EAE2A7 /* mobile taskTests */,
				4F04F9A82C6D3D4500EAE2A7 /* mobile taskUITests */,
				4F04F9892C6D3D4000EAE2A7 /* Products */,
			);
			sourceTree = "<group>";
		};
		4F04F9892C6D3D4000EAE2A7 /* Products */ = {
			isa = PBXGroup;
			children = (
				4F04F9882C6D3D4000EAE2A7 /* mobile task.app */,
				4F04F99B2C6D3D4500EAE2A7 /* mobile taskTests.xctest */,
				4F04F9A52C6D3D4500EAE2A7 /* mobile taskUITests.xctest */,
			);
			name = Products;
			sourceTree = "<group>";
		};
		4F04F98A2C6D3D4000EAE2A7 /* mobile task */ = {
			isa = PBXGroup;
			children = (
				4F92FD102C6F35C700C0300E /* view */,
				4F92FD0B2C6F349900C0300E /* viewmodel */,
				4F92FD0A2C6F348B00C0300E /* model */,
				4F04F98B2C6D3D4000EAE2A7 /* mobile_taskApp.swift */,
				4F04F98F2C6D3D4000EAE2A7 /* Item.swift */,
				4F04F9912C6D3D4500EAE2A7 /* Assets.xcassets */,
				4F04F9932C6D3D4500EAE2A7 /* mobile_task.entitlements */,
				4F04F9942C6D3D4500EAE2A7 /* Preview Content */,
			);
			path = "mobile task";
			sourceTree = "<group>";
		};
		4F04F9942C6D3D4500EAE2A7 /* Preview Content */ = {
			isa = PBXGroup;
			children = (
				4F04F9952C6D3D4500EAE2A7 /* Preview Assets.xcassets */,
			);
			path = "Preview Content";
			sourceTree = "<group>";
		};
		4F04F99E2C6D3D4500EAE2A7 /* mobile taskTests */ = {
			isa = PBXGroup;
			children = (
				4F04F99F2C6D3D4500EAE2A7 /* mobile_taskTests.swift */,
			);
			path = "mobile taskTests";
			sourceTree = "<group>";
		};
		4F04F9A82C6D3D4500EAE2A7 /* mobile taskUITests */ = {
			isa = PBXGroup;
			children = (
				4F04F9A92C6D3D4500EAE2A7 /* mobile_taskUITests.swift */,
				4F04F9AB2C6D3D4500EAE2A7 /* mobile_taskUITestsLaunchTests.swift */,
			);
			path = "mobile taskUITests";
			sourceTree = "<group>";
		};
		4F92FD0A2C6F348B00C0300E /* model */ = {
			isa = PBXGroup;
			children = (
				4F92FD0C2C6F34C000C0300E /* UserModel.swift */,
			);
			path = model;
			sourceTree = "<group>";
		};
		4F92FD0B2C6F349900C0300E /* viewmodel */ = {
			isa = PBXGroup;
			children = (
				4F92FD0E2C6F350600C0300E /* RegisterViewModel.swift */,
				4F92FD132C6F3F7D00C0300E /* LoginViewModel.swift */,
				4F92FD172C6F468D00C0300E /* ForgotPasswordViewModel.swift */,
				4F92FD222C6F7AB100C0300E /* ResetPasswordViewModel.swift */,
			);
			name = viewmodel;
			sourceTree = "<group>";
		};
		4F92FD102C6F35C700C0300E /* view */ = {
			isa = PBXGroup;
			children = (
				4F04F98D2C6D3D4000EAE2A7 /* ContentView.swift */,
				4F04F9BE2C6E58E100EAE2A7 /* DashboardView.swift */,
				4F92FD112C6F35EE00C0300E /* RegisterView.swift */,
				4F92FD152C6F3FA500C0300E /* LoginView.swift */,
				4F92FD192C6F46D300C0300E /* ForgotPasswordView.swift */,
				4F92FD1C2C6F6F1800C0300E /* DrawerMenu.swift */,
				4F92FD1E2C6F6F3400C0300E /* DashboardContentView.swift */,
				4F92FD202C6F7A8100C0300E /* ResetPasswordView.swift */,
				4F92FD262C6F870A00C0300E /* ToastView.swift */,
			);
			path = view;
			sourceTree = "<group>";
		};
/* End PBXGroup section */

/* Begin PBXNativeTarget section */
		4F04F9872C6D3D4000EAE2A7 /* mobile task */ = {
			isa = PBXNativeTarget;
			buildConfigurationList = 4F04F9AF2C6D3D4500EAE2A7 /* Build configuration list for PBXNativeTarget "mobile task" */;
			buildPhases = (
				4F04F9842C6D3D4000EAE2A7 /* Sources */,
				4F04F9852C6D3D4000EAE2A7 /* Frameworks */,
				4F04F9862C6D3D4000EAE2A7 /* Resources */,
			);
			buildRules = (
			);
			dependencies = (
			);
			name = "mobile task";
			productName = "mobile task";
			productReference = 4F04F9882C6D3D4000EAE2A7 /* mobile task.app */;
			productType = "com.apple.product-type.application";
		};
		4F04F99A2C6D3D4500EAE2A7 /* mobile taskTests */ = {
			isa = PBXNativeTarget;
			buildConfigurationList = 4F04F9B22C6D3D4500EAE2A7 /* Build configuration list for PBXNativeTarget "mobile taskTests" */;
			buildPhases = (
				4F04F9972C6D3D4500EAE2A7 /* Sources */,
				4F04F9982C6D3D4500EAE2A7 /* Frameworks */,
				4F04F9992C6D3D4500EAE2A7 /* Resources */,
			);
			buildRules = (
			);
			dependencies = (
				4F04F99D2C6D3D4500EAE2A7 /* PBXTargetDependency */,
			);
			name = "mobile taskTests";
			productName = "mobile taskTests";
			productReference = 4F04F99B2C6D3D4500EAE2A7 /* mobile taskTests.xctest */;
			productType = "com.apple.product-type.bundle.unit-test";
		};
		4F04F9A42C6D3D4500EAE2A7 /* mobile taskUITests */ = {
			isa = PBXNativeTarget;
			buildConfigurationList = 4F04F9B52C6D3D4500EAE2A7 /* Build configuration list for PBXNativeTarget "mobile taskUITests" */;
			buildPhases = (
				4F04F9A12C6D3D4500EAE2A7 /* Sources */,
				4F04F9A22C6D3D4500EAE2A7 /* Frameworks */,
				4F04F9A32C6D3D4500EAE2A7 /* Resources */,
			);
			buildRules = (
			);
			dependencies = (
				4F04F9A72C6D3D4500EAE2A7 /* PBXTargetDependency */,
			);
			name = "mobile taskUITests";
			productName = "mobile taskUITests";
			productReference = 4F04F9A52C6D3D4500EAE2A7 /* mobile taskUITests.xctest */;
			productType = "com.apple.product-type.bundle.ui-testing";
		};
/* End PBXNativeTarget section */

/* Begin PBXProject section */
		4F04F9802C6D3D4000EAE2A7 /* Project object */ = {
			isa = PBXProject;
			attributes = {
				BuildIndependentTargetsInParallel = 1;
				LastSwiftUpdateCheck = 1520;
				LastUpgradeCheck = 1520;
				TargetAttributes = {
					4F04F9872C6D3D4000EAE2A7 = {
						CreatedOnToolsVersion = 15.2;
					};
					4F04F99A2C6D3D4500EAE2A7 = {
						CreatedOnToolsVersion = 15.2;
						TestTargetID = 4F04F9872C6D3D4000EAE2A7;
					};
					4F04F9A42C6D3D4500EAE2A7 = {
						CreatedOnToolsVersion = 15.2;
						TestTargetID = 4F04F9872C6D3D4000EAE2A7;
					};
				};
			};
			buildConfigurationList = 4F04F9832C6D3D4000EAE2A7 /* Build configuration list for PBXProject "mobile task" */;
			compatibilityVersion = "Xcode 14.0";
			developmentRegion = en;
			hasScannedForEncodings = 0;
			knownRegions = (
				en,
				Base,
			);
			mainGroup = 4F04F97F2C6D3D4000EAE2A7;
			productRefGroup = 4F04F9892C6D3D4000EAE2A7 /* Products */;
			projectDirPath = "";
			projectRoot = "";
			targets = (
				4F04F9872C6D3D4000EAE2A7 /* mobile task */,
				4F04F99A2C6D3D4500EAE2A7 /* mobile taskTests */,
				4F04F9A42C6D3D4500EAE2A7 /* mobile taskUITests */,
			);
		};
/* End PBXProject section */

/* Begin PBXResourcesBuildPhase section */
		4F04F9862C6D3D4000EAE2A7 /* Resources */ = {
			isa = PBXResourcesBuildPhase;
			buildActionMask = 2147483647;
			files = (
				4F04F9962C6D3D4500EAE2A7 /* Preview Assets.xcassets in Resources */,
				4F04F9922C6D3D4500EAE2A7 /* Assets.xcassets in Resources */,
			);
			runOnlyForDeploymentPostprocessing = 0;
		};
		4F04F9992C6D3D4500EAE2A7 /* Resources */ = {
			isa = PBXResourcesBuildPhase;
			buildActionMask = 2147483647;
			files = (
			);
			runOnlyForDeploymentPostprocessing = 0;
		};
		4F04F9A32C6D3D4500EAE2A7 /* Resources */ = {
			isa = PBXResourcesBuildPhase;
			buildActionMask = 2147483647;
			files = (
			);
			runOnlyForDeploymentPostprocessing = 0;
		};
/* End PBXResourcesBuildPhase section */

/* Begin PBXSourcesBuildPhase section */
		4F04F9842C6D3D4000EAE2A7 /* Sources */ = {
			isa = PBXSourcesBuildPhase;
			buildActionMask = 2147483647;
			files = (
				4F92FD272C6F870A00C0300E /* ToastView.swift in Sources */,
				4F04F98E2C6D3D4000EAE2A7 /* ContentView.swift in Sources */,
				4F92FD1F2C6F6F3400C0300E /* DashboardContentView.swift in Sources */,
				4F92FD122C6F35EE00C0300E /* RegisterView.swift in Sources */,
				4F92FD212C6F7A8100C0300E /* ResetPasswordView.swift in Sources */,
				4F92FD0D2C6F34C000C0300E /* UserModel.swift in Sources */,
				4F92FD232C6F7AB100C0300E /* ResetPasswordViewModel.swift in Sources */,
				4F04F9902C6D3D4000EAE2A7 /* Item.swift in Sources */,
				4F04F9BF2C6E58E100EAE2A7 /* DashboardView.swift in Sources */,
				4F04F98C2C6D3D4000EAE2A7 /* mobile_taskApp.swift in Sources */,
				4F92FD182C6F468D00C0300E /* ForgotPasswordViewModel.swift in Sources */,
				4F92FD0F2C6F350600C0300E /* RegisterViewModel.swift in Sources */,
				4F92FD162C6F3FA500C0300E /* LoginView.swift in Sources */,
				4F92FD1D2C6F6F1900C0300E /* DrawerMenu.swift in Sources */,
				4F92FD142C6F3F7D00C0300E /* LoginViewModel.swift in Sources */,
				4F92FD1A2C6F46D300C0300E /* ForgotPasswordView.swift in Sources */,
			);
			runOnlyForDeploymentPostprocessing = 0;
		};
		4F04F9972C6D3D4500EAE2A7 /* Sources */ = {
			isa = PBXSourcesBuildPhase;
			buildActionMask = 2147483647;
			files = (
				4F04F9A02C6D3D4500EAE2A7 /* mobile_taskTests.swift in Sources */,
			);
			runOnlyForDeploymentPostprocessing = 0;
		};
		4F04F9A12C6D3D4500EAE2A7 /* Sources */ = {
			isa = PBXSourcesBuildPhase;
			buildActionMask = 2147483647;
			files = (
				4F04F9AA2C6D3D4500EAE2A7 /* mobile_taskUITests.swift in Sources */,
				4F04F9AC2C6D3D4500EAE2A7 /* mobile_taskUITestsLaunchTests.swift in Sources */,
			);
			runOnlyForDeploymentPostprocessing = 0;
		};
/* End PBXSourcesBuildPhase section */

/* Begin PBXTargetDependency section */
		4F04F99D2C6D3D4500EAE2A7 /* PBXTargetDependency */ = {
			isa = PBXTargetDependency;
			target = 4F04F9872C6D3D4000EAE2A7 /* mobile task */;
			targetProxy = 4F04F99C2C6D3D4500EAE2A7 /* PBXContainerItemProxy */;
		};
		4F04F9A72C6D3D4500EAE2A7 /* PBXTargetDependency */ = {
			isa = PBXTargetDependency;
			target = 4F04F9872C6D3D4000EAE2A7 /* mobile task */;
			targetProxy = 4F04F9A62C6D3D4500EAE2A7 /* PBXContainerItemProxy */;
		};
/* End PBXTargetDependency section */

/* Begin XCBuildConfiguration section */
		4F04F9AD2C6D3D4500EAE2A7 /* Debug */ = {
			isa = XCBuildConfiguration;
			buildSettings = {
				ALWAYS_SEARCH_USER_PATHS = NO;
				ASSETCATALOG_COMPILER_GENERATE_SWIFT_ASSET_SYMBOL_EXTENSIONS = YES;
				CLANG_ANALYZER_NONNULL = YES;
				CLANG_ANALYZER_NUMBER_OBJECT_CONVERSION = YES_AGGRESSIVE;
				CLANG_CXX_LANGUAGE_STANDARD = "gnu++20";
				CLANG_ENABLE_MODULES = YES;
				CLANG_ENABLE_OBJC_ARC = YES;
				CLANG_ENABLE_OBJC_WEAK = YES;
				CLANG_WARN_BLOCK_CAPTURE_AUTORELEASING = YES;
				CLANG_WARN_BOOL_CONVERSION = YES;
				CLANG_WARN_COMMA = YES;
				CLANG_WARN_CONSTANT_CONVERSION = YES;
				CLANG_WARN_DEPRECATED_OBJC_IMPLEMENTATIONS = YES;
				CLANG_WARN_DIRECT_OBJC_ISA_USAGE = YES_ERROR;
				CLANG_WARN_DOCUMENTATION_COMMENTS = YES;
				CLANG_WARN_EMPTY_BODY = YES;
				CLANG_WARN_ENUM_CONVERSION = YES;
				CLANG_WARN_INFINITE_RECURSION = YES;
				CLANG_WARN_INT_CONVERSION = YES;
				CLANG_WARN_NON_LITERAL_NULL_CONVERSION = YES;
				CLANG_WARN_OBJC_IMPLICIT_RETAIN_SELF = YES;
				CLANG_WARN_OBJC_LITERAL_CONVERSION = YES;
				CLANG_WARN_OBJC_ROOT_CLASS = YES_ERROR;
				CLANG_WARN_QUOTED_INCLUDE_IN_FRAMEWORK_HEADER = YES;
				CLANG_WARN_RANGE_LOOP_ANALYSIS = YES;
				CLANG_WARN_STRICT_PROTOTYPES = YES;
				CLANG_WARN_SUSPICIOUS_MOVE = YES;
				CLANG_WARN_UNGUARDED_AVAILABILITY = YES_AGGRESSIVE;
				CLANG_WARN_UNREACHABLE_CODE = YES;
				CLANG_WARN__DUPLICATE_METHOD_MATCH = YES;
				COPY_PHASE_STRIP = NO;
				DEBUG_INFORMATION_FORMAT = dwarf;
				ENABLE_STRICT_OBJC_MSGSEND = YES;
				ENABLE_TESTABILITY = YES;
				ENABLE_USER_SCRIPT_SANDBOXING = YES;
				GCC_C_LANGUAGE_STANDARD = gnu17;
				GCC_DYNAMIC_NO_PIC = NO;
				GCC_NO_COMMON_BLOCKS = YES;
				GCC_OPTIMIZATION_LEVEL = 0;
				GCC_PREPROCESSOR_DEFINITIONS = (
					"DEBUG=1",
					"$(inherited)",
				);
				GCC_WARN_64_TO_32_BIT_CONVERSION = YES;
				GCC_WARN_ABOUT_RETURN_TYPE = YES_ERROR;
				GCC_WARN_UNDECLARED_SELECTOR = YES;
				GCC_WARN_UNINITIALIZED_AUTOS = YES_AGGRESSIVE;
				GCC_WARN_UNUSED_FUNCTION = YES;
				GCC_WARN_UNUSED_VARIABLE = YES;
				LOCALIZATION_PREFERS_STRING_CATALOGS = YES;
				MTL_ENABLE_DEBUG_INFO = INCLUDE_SOURCE;
				MTL_FAST_MATH = YES;
				ONLY_ACTIVE_ARCH = YES;
				SWIFT_ACTIVE_COMPILATION_CONDITIONS = "DEBUG $(inherited)";
				SWIFT_OPTIMIZATION_LEVEL = "-Onone";
			};
			name = Debug;
		};
		4F04F9AE2C6D3D4500EAE2A7 /* Release */ = {
			isa = XCBuildConfiguration;
			buildSettings = {
				ALWAYS_SEARCH_USER_PATHS = NO;
				ASSETCATALOG_COMPILER_GENERATE_SWIFT_ASSET_SYMBOL_EXTENSIONS = YES;
				CLANG_ANALYZER_NONNULL = YES;
				CLANG_ANALYZER_NUMBER_OBJECT_CONVERSION = YES_AGGRESSIVE;
				CLANG_CXX_LANGUAGE_STANDARD = "gnu++20";
				CLANG_ENABLE_MODULES = YES;
				CLANG_ENABLE_OBJC_ARC = YES;
				CLANG_ENABLE_OBJC_WEAK = YES;
				CLANG_WARN_BLOCK_CAPTURE_AUTORELEASING = YES;
				CLANG_WARN_BOOL_CONVERSION = YES;
				CLANG_WARN_COMMA = YES;
				CLANG_WARN_CONSTANT_CONVERSION = YES;
				CLANG_WARN_DEPRECATED_OBJC_IMPLEMENTATIONS = YES;
				CLANG_WARN_DIRECT_OBJC_ISA_USAGE = YES_ERROR;
				CLANG_WARN_DOCUMENTATION_COMMENTS = YES;
				CLANG_WARN_EMPTY_BODY = YES;
				CLANG_WARN_ENUM_CONVERSION = YES;
				CLANG_WARN_INFINITE_RECURSION = YES;
				CLANG_WARN_INT_CONVERSION = YES;
				CLANG_WARN_NON_LITERAL_NULL_CONVERSION = YES;
				CLANG_WARN_OBJC_IMPLICIT_RETAIN_SELF = YES;
				CLANG_WARN_OBJC_LITERAL_CONVERSION = YES;
				CLANG_WARN_OBJC_ROOT_CLASS = YES_ERROR;
				CLANG_WARN_QUOTED_INCLUDE_IN_FRAMEWORK_HEADER = YES;
				CLANG_WARN_RANGE_LOOP_ANALYSIS = YES;
				CLANG_WARN_STRICT_PROTOTYPES = YES;
				CLANG_WARN_SUSPICIOUS_MOVE = YES;
				CLANG_WARN_UNGUARDED_AVAILABILITY = YES_AGGRESSIVE;
				CLANG_WARN_UNREACHABLE_CODE = YES;
				CLANG_WARN__DUPLICATE_METHOD_MATCH = YES;
				COPY_PHASE_STRIP = NO;
				DEBUG_INFORMATION_FORMAT = "dwarf-with-dsym";
				ENABLE_NS_ASSERTIONS = NO;
				ENABLE_STRICT_OBJC_MSGSEND = YES;
				ENABLE_USER_SCRIPT_SANDBOXING = YES;
				GCC_C_LANGUAGE_STANDARD = gnu17;
				GCC_NO_COMMON_BLOCKS = YES;
				GCC_WARN_64_TO_32_BIT_CONVERSION = YES;
				GCC_WARN_ABOUT_RETURN_TYPE = YES_ERROR;
				GCC_WARN_UNDECLARED_SELECTOR = YES;
				GCC_WARN_UNINITIALIZED_AUTOS = YES_AGGRESSIVE;
				GCC_WARN_UNUSED_FUNCTION = YES;
				GCC_WARN_UNUSED_VARIABLE = YES;
				LOCALIZATION_PREFERS_STRING_CATALOGS = YES;
				MTL_ENABLE_DEBUG_INFO = NO;
				MTL_FAST_MATH = YES;
				SWIFT_COMPILATION_MODE = wholemodule;
			};
			name = Release;
		};
		4F04F9B02C6D3D4500EAE2A7 /* Debug */ = {
			isa = XCBuildConfiguration;
			buildSettings = {
				ASSETCATALOG_COMPILER_APPICON_NAME = AppIcon;
				ASSETCATALOG_COMPILER_GLOBAL_ACCENT_COLOR_NAME = AccentColor;
				CODE_SIGN_ENTITLEMENTS = "mobile task/mobile_task.entitlements";
				CODE_SIGN_STYLE = Automatic;
				CURRENT_PROJECT_VERSION = 1;
				DEVELOPMENT_ASSET_PATHS = "\"mobile task/Preview Content\"";
				ENABLE_PREVIEWS = YES;
				GENERATE_INFOPLIST_FILE = YES;
				"INFOPLIST_KEY_UIApplicationSceneManifest_Generation[sdk=iphoneos*]" = YES;
				"INFOPLIST_KEY_UIApplicationSceneManifest_Generation[sdk=iphonesimulator*]" = YES;
				"INFOPLIST_KEY_UIApplicationSupportsIndirectInputEvents[sdk=iphoneos*]" = YES;
				"INFOPLIST_KEY_UIApplicationSupportsIndirectInputEvents[sdk=iphonesimulator*]" = YES;
				"INFOPLIST_KEY_UILaunchScreen_Generation[sdk=iphoneos*]" = YES;
				"INFOPLIST_KEY_UILaunchScreen_Generation[sdk=iphonesimulator*]" = YES;
				"INFOPLIST_KEY_UIStatusBarStyle[sdk=iphoneos*]" = UIStatusBarStyleDefault;
				"INFOPLIST_KEY_UIStatusBarStyle[sdk=iphonesimulator*]" = UIStatusBarStyleDefault;
				INFOPLIST_KEY_UISupportedInterfaceOrientations_iPad = "UIInterfaceOrientationPortrait UIInterfaceOrientationPortraitUpsideDown UIInterfaceOrientationLandscapeLeft UIInterfaceOrientationLandscapeRight";
				INFOPLIST_KEY_UISupportedInterfaceOrientations_iPhone = "UIInterfaceOrientationPortrait UIInterfaceOrientationLandscapeLeft UIInterfaceOrientationLandscapeRight";
				IPHONEOS_DEPLOYMENT_TARGET = 17.2;
				LD_RUNPATH_SEARCH_PATHS = "@executable_path/Frameworks";
				"LD_RUNPATH_SEARCH_PATHS[sdk=macosx*]" = "@executable_path/../Frameworks";
				MACOSX_DEPLOYMENT_TARGET = 14.0;
				MARKETING_VERSION = 1.0;
				PRODUCT_BUNDLE_IDENTIFIER = "com.org.mobile-task";
				PRODUCT_NAME = "$(TARGET_NAME)";
				SDKROOT = auto;
				SUPPORTED_PLATFORMS = "iphoneos iphonesimulator macosx";
				SWIFT_EMIT_LOC_STRINGS = YES;
				SWIFT_VERSION = 5.0;
				TARGETED_DEVICE_FAMILY = "1,2";
			};
			name = Debug;
		};
		4F04F9B12C6D3D4500EAE2A7 /* Release */ = {
			isa = XCBuildConfiguration;
			buildSettings = {
				ASSETCATALOG_COMPILER_APPICON_NAME = AppIcon;
				ASSETCATALOG_COMPILER_GLOBAL_ACCENT_COLOR_NAME = AccentColor;
				CODE_SIGN_ENTITLEMENTS = "mobile task/mobile_task.entitlements";
				CODE_SIGN_STYLE = Automatic;
				CURRENT_PROJECT_VERSION = 1;
				DEVELOPMENT_ASSET_PATHS = "\"mobile task/Preview Content\"";
				ENABLE_PREVIEWS = YES;
				GENERATE_INFOPLIST_FILE = YES;
				"INFOPLIST_KEY_UIApplicationSceneManifest_Generation[sdk=iphoneos*]" = YES;
				"INFOPLIST_KEY_UIApplicationSceneManifest_Generation[sdk=iphonesimulator*]" = YES;
				"INFOPLIST_KEY_UIApplicationSupportsIndirectInputEvents[sdk=iphoneos*]" = YES;
				"INFOPLIST_KEY_UIApplicationSupportsIndirectInputEvents[sdk=iphonesimulator*]" = YES;
				"INFOPLIST_KEY_UILaunchScreen_Generation[sdk=iphoneos*]" = YES;
				"INFOPLIST_KEY_UILaunchScreen_Generation[sdk=iphonesimulator*]" = YES;
				"INFOPLIST_KEY_UIStatusBarStyle[sdk=iphoneos*]" = UIStatusBarStyleDefault;
				"INFOPLIST_KEY_UIStatusBarStyle[sdk=iphonesimulator*]" = UIStatusBarStyleDefault;
				INFOPLIST_KEY_UISupportedInterfaceOrientations_iPad = "UIInterfaceOrientationPortrait UIInterfaceOrientationPortraitUpsideDown UIInterfaceOrientationLandscapeLeft UIInterfaceOrientationLandscapeRight";
				INFOPLIST_KEY_UISupportedInterfaceOrientations_iPhone = "UIInterfaceOrientationPortrait UIInterfaceOrientationLandscapeLeft UIInterfaceOrientationLandscapeRight";
				IPHONEOS_DEPLOYMENT_TARGET = 17.2;
				LD_RUNPATH_SEARCH_PATHS = "@executable_path/Frameworks";
				"LD_RUNPATH_SEARCH_PATHS[sdk=macosx*]" = "@executable_path/../Frameworks";
				MACOSX_DEPLOYMENT_TARGET = 14.0;
				MARKETING_VERSION = 1.0;
				PRODUCT_BUNDLE_IDENTIFIER = "com.org.mobile-task";
				PRODUCT_NAME = "$(TARGET_NAME)";
				SDKROOT = auto;
				SUPPORTED_PLATFORMS = "iphoneos iphonesimulator macosx";
				SWIFT_EMIT_LOC_STRINGS = YES;
				SWIFT_VERSION = 5.0;
				TARGETED_DEVICE_FAMILY = "1,2";
			};
			name = Release;
		};
		4F04F9B32C6D3D4500EAE2A7 /* Debug */ = {
			isa = XCBuildConfiguration;
			buildSettings = {
				ALWAYS_EMBED_SWIFT_STANDARD_LIBRARIES = YES;
				BUNDLE_LOADER = "$(TEST_HOST)";
				CODE_SIGN_STYLE = Automatic;
				CURRENT_PROJECT_VERSION = 1;
				GENERATE_INFOPLIST_FILE = YES;
				IPHONEOS_DEPLOYMENT_TARGET = 17.2;
				MACOSX_DEPLOYMENT_TARGET = 13.6;
				MARKETING_VERSION = 1.0;
				PRODUCT_BUNDLE_IDENTIFIER = "com.org.mobile-taskTests";
				PRODUCT_NAME = "$(TARGET_NAME)";
				SDKROOT = auto;
				SUPPORTED_PLATFORMS = "iphoneos iphonesimulator macosx";
				SWIFT_EMIT_LOC_STRINGS = NO;
				SWIFT_VERSION = 5.0;
				TARGETED_DEVICE_FAMILY = "1,2";
				TEST_HOST = "$(BUILT_PRODUCTS_DIR)/mobile task.app/$(BUNDLE_EXECUTABLE_FOLDER_PATH)/mobile task";
			};
			name = Debug;
		};
		4F04F9B42C6D3D4500EAE2A7 /* Release */ = {
			isa = XCBuildConfiguration;
			buildSettings = {
				ALWAYS_EMBED_SWIFT_STANDARD_LIBRARIES = YES;
				BUNDLE_LOADER = "$(TEST_HOST)";
				CODE_SIGN_STYLE = Automatic;
				CURRENT_PROJECT_VERSION = 1;
				GENERATE_INFOPLIST_FILE = YES;
				IPHONEOS_DEPLOYMENT_TARGET = 17.2;
				MACOSX_DEPLOYMENT_TARGET = 13.6;
				MARKETING_VERSION = 1.0;
				PRODUCT_BUNDLE_IDENTIFIER = "com.org.mobile-taskTests";
				PRODUCT_NAME = "$(TARGET_NAME)";
				SDKROOT = auto;
				SUPPORTED_PLATFORMS = "iphoneos iphonesimulator macosx";
				SWIFT_EMIT_LOC_STRINGS = NO;
				SWIFT_VERSION = 5.0;
				TARGETED_DEVICE_FAMILY = "1,2";
				TEST_HOST = "$(BUILT_PRODUCTS_DIR)/mobile task.app/$(BUNDLE_EXECUTABLE_FOLDER_PATH)/mobile task";
			};
			name = Release;
		};
		4F04F9B62C6D3D4500EAE2A7 /* Debug */ = {
			isa = XCBuildConfiguration;
			buildSettings = {
				ALWAYS_EMBED_SWIFT_STANDARD_LIBRARIES = YES;
				CODE_SIGN_STYLE = Automatic;
				CURRENT_PROJECT_VERSION = 1;
				GENERATE_INFOPLIST_FILE = YES;
				IPHONEOS_DEPLOYMENT_TARGET = 17.2;
				MACOSX_DEPLOYMENT_TARGET = 13.6;
				MARKETING_VERSION = 1.0;
				PRODUCT_BUNDLE_IDENTIFIER = "com.org.mobile-taskUITests";
				PRODUCT_NAME = "$(TARGET_NAME)";
				SDKROOT = auto;
				SUPPORTED_PLATFORMS = "iphoneos iphonesimulator macosx";
				SWIFT_EMIT_LOC_STRINGS = NO;
				SWIFT_VERSION = 5.0;
				TARGETED_DEVICE_FAMILY = "1,2";
				TEST_TARGET_NAME = "mobile task";
			};
			name = Debug;
		};
		4F04F9B72C6D3D4500EAE2A7 /* Release */ = {
			isa = XCBuildConfiguration;
			buildSettings = {
				ALWAYS_EMBED_SWIFT_STANDARD_LIBRARIES = YES;
				CODE_SIGN_STYLE = Automatic;
				CURRENT_PROJECT_VERSION = 1;
				GENERATE_INFOPLIST_FILE = YES;
				IPHONEOS_DEPLOYMENT_TARGET = 17.2;
				MACOSX_DEPLOYMENT_TARGET = 13.6;
				MARKETING_VERSION = 1.0;
				PRODUCT_BUNDLE_IDENTIFIER = "com.org.mobile-taskUITests";
				PRODUCT_NAME = "$(TARGET_NAME)";
				SDKROOT = auto;
				SUPPORTED_PLATFORMS = "iphoneos iphonesimulator macosx";
				SWIFT_EMIT_LOC_STRINGS = NO;
				SWIFT_VERSION = 5.0;
				TARGETED_DEVICE_FAMILY = "1,2";
				TEST_TARGET_NAME = "mobile task";
			};
			name = Release;
		};
/* End XCBuildConfiguration section */

/* Begin XCConfigurationList section */
		4F04F9832C6D3D4000EAE2A7 /* Build configuration list for PBXProject "mobile task" */ = {
			isa = XCConfigurationList;
			buildConfigurations = (
				4F04F9AD2C6D3D4500EAE2A7 /* Debug */,
				4F04F9AE2C6D3D4500EAE2A7 /* Release */,
			);
			defaultConfigurationIsVisible = 0;
			defaultConfigurationName = Release;
		};
		4F04F9AF2C6D3D4500EAE2A7 /* Build configuration list for PBXNativeTarget "mobile task" */ = {
			isa = XCConfigurationList;
			buildConfigurations = (
				4F04F9B02C6D3D4500EAE2A7 /* Debug */,
				4F04F9B12C6D3D4500EAE2A7 /* Release */,
			);
			defaultConfigurationIsVisible = 0;
			defaultConfigurationName = Release;
		};
		4F04F9B22C6D3D4500EAE2A7 /* Build configuration list for PBXNativeTarget "mobile taskTests" */ = {
			isa = XCConfigurationList;
			buildConfigurations = (
				4F04F9B32C6D3D4500EAE2A7 /* Debug */,
				4F04F9B42C6D3D4500EAE2A7 /* Release */,
			);
			defaultConfigurationIsVisible = 0;
			defaultConfigurationName = Release;
		};
		4F04F9B52C6D3D4500EAE2A7 /* Build configuration list for PBXNativeTarget "mobile taskUITests" */ = {
			isa = XCConfigurationList;
			buildConfigurations = (
				4F04F9B62C6D3D4500EAE2A7 /* Debug */,
				4F04F9B72C6D3D4500EAE2A7 /* Release */,
			);
			defaultConfigurationIsVisible = 0;
			defaultConfigurationName = Release;
		};
/* End XCConfigurationList section */
	};
	rootObject = 4F04F9802C6D3D4000EAE2A7 /* Project object */;
}
